
Microsoft Visual Studio Solution File, Format Version 12.00
# Visual Studio Version 17
VisualStudioVersion = 17.2.32616.157
MinimumVisualStudioVersion = 10.0.40219.1
Project("{FAE04EC0-301F-11D3-BF4B-00C04F79EFBC}") = "ChatCommon", "ChatCommon\ChatCommon.csproj", "{B4DD2A8B-C74B-4088-BC46-20D3F93C93DC}"
EndProject
Project("{FAE04EC0-301F-11D3-BF4B-00C04F79EFBC}") = "ChatServer", "ChatServer\ChatServer.csproj", "{FD3D133D-44DA-4F1F-A610-03ECCCB58145}"
EndProject
Project("{FAE04EC0-301F-11D3-BF4B-00C04F79EFBC}") = "ChatClient", "ChatClient\ChatClient.csproj", "{EB2BE037-71BE-4410-BFAB-099272B34D89}"
EndProject
Global
	GlobalSection(SolutionConfigurationPlatforms) = preSolution
		Debug|Any CPU = Debug|Any CPU
		Release|Any CPU = Release|Any CPU
	EndGlobalSection
	GlobalSection(ProjectConfigurationPlatforms) = postSolution
		{B4DD2A8B-C74B-4088-BC46-20D3F93C93DC}.Debug|Any CPU.ActiveCfg = Debug|Any CPU
		{B4DD2A8B-C74B-4088-BC46-20D3F93C93DC}.Debug|Any CPU.Build.0 = Debug|Any CPU
		{B4DD2A8B-C74B-4088-BC46-20D3F93C93DC}.Release|Any CPU.ActiveCfg = Release|Any CPU
		{B4DD2A8B-C74B-4088-BC46-20D3F93C93DC}.Release|Any CPU.Build.0 = Release|Any CPU
		{FD3D133D-44DA-4F1F-A610-03ECCCB58145}.Debug|Any CPU.ActiveCfg = Debug|Any CPU
		{FD3D133D-44DA-4F1F-A610-03ECCCB58145}.Debug|Any CPU.Build.0 = Debug|Any CPU
		{FD3D133D-44DA-4F1F-A610-03ECCCB58145}.Release|Any CPU.ActiveCfg = Release|Any CPU
		{FD3D133D-44DA-4F1F-A610-03ECCCB58145}.Release|Any CPU.Build.0 = Release|Any CPU
		{EB2BE037-71BE-4410-BFAB-099272B34D89}.Debug|Any CPU.ActiveCfg = Debug|Any CPU
		{EB2BE037-71BE-4410-BFAB-099272B34D89}.Debug|Any CPU.Build.0 = Debug|Any CPU
		{EB2BE037-71BE-4410-BFAB-099272B34D89}.Release|Any CPU.ActiveCfg = Release|Any CPU
		{EB2BE037-71BE-4410-BFAB-099272B34D89}.Release|Any CPU.Build.0 = Release|Any CPU
	EndGlobalSection
	GlobalSection(SolutionProperties) = preSolution
		HideSolutionNode = FALSE
	EndGlobalSection
	GlobalSection(ExtensibilityGlobals) = postSolution
		SolutionGuid = {F9B6F2A6-31B0-487E-ACA9-F9C89F8E351E}
	EndGlobalSection
EndGlobal
